
Microsoft Visual Studio Solution File, Format Version 12.00
# Visual Studio Version 16
VisualStudioVersion = 16.0.30611.23
MinimumVisualStudioVersion = 10.0.40219.1
Project("{FAE04EC0-301F-11D3-BF4B-00C04F79EFBC}") = "HelloWorld", "HelloWorld.csproj", "{CAF7F14B-B913-424C-A5D2-8474DF347353}"
EndProject
Global
	GlobalSection(SolutionConfigurationPlatforms) = preSolution
		Debug|Any CPU = Debug|Any CPU
		Release|Any CPU = Release|Any CPU
	EndGlobalSection
	GlobalSection(ProjectConfigurationPlatforms) = postSolution
		{CAF7F14B-B913-424C-A5D2-8474DF347353}.Debug|Any CPU.ActiveCfg = Debug|Any CPU
		{CAF7F14B-B913-424C-A5D2-8474DF347353}.Debug|Any CPU.Build.0 = Debug|Any CPU
		{CAF7F14B-B913-424C-A5D2-8474DF347353}.Release|Any CPU.ActiveCfg = Release|Any CPU
		{CAF7F14B-B913-424C-A5D2-8474DF347353}.Release|Any CPU.Build.0 = Release|Any CPU
	EndGlobalSection
	GlobalSection(SolutionProperties) = preSolution
		HideSolutionNode = FALSE
	EndGlobalSection
	GlobalSection(ExtensibilityGlobals) = postSolution
		SolutionGuid = {2F7E2ED0-CC63-4188-85D7-C905F50572C7}
	EndGlobalSection
EndGlobal
